// !$*UTF8*$!
{
	archiveVersion = 1;
	classes = {
	};
	objectVersion = 55;
	objects = {

/* Begin PBXBuildFile section */
		9236FD2528C3B1A300ADA10E /* FavoritesView.swift in Sources */ = {isa = PBXBuildFile; fileRef = 9236FD2428C3B1A300ADA10E /* FavoritesView.swift */; };
		9236FD2928C3B65000ADA10E /* WebKitLoader.swift in Sources */ = {isa = PBXBuildFile; fileRef = 9236FD2828C3B65000ADA10E /* WebKitLoader.swift */; };
		927CB76028BAE1A100B6C07B /* ClosureTypes.swift in Sources */ = {isa = PBXBuildFile; fileRef = 927CB75F28BAE1A100B6C07B /* ClosureTypes.swift */; };
		927CB76228BAE4D800B6C07B /* ContentViewModel.swift in Sources */ = {isa = PBXBuildFile; fileRef = 927CB76128BAE4D800B6C07B /* ContentViewModel.swift */; };
		927CB76428BBC84200B6C07B /* GoogleService-Info.plist in Resources */ = {isa = PBXBuildFile; fileRef = 927CB76328BBC84200B6C07B /* GoogleService-Info.plist */; };
		927CB76528BBC84200B6C07B /* GoogleService-Info.plist in Resources */ = {isa = PBXBuildFile; fileRef = 927CB76328BBC84200B6C07B /* GoogleService-Info.plist */; };
		927CB76628BBC84200B6C07B /* GoogleService-Info.plist in Resources */ = {isa = PBXBuildFile; fileRef = 927CB76328BBC84200B6C07B /* GoogleService-Info.plist */; };
		927CB76928BBDAA200B6C07B /* ScaledFont.swift in Sources */ = {isa = PBXBuildFile; fileRef = 927CB76828BBDAA200B6C07B /* ScaledFont.swift */; };
		927CB78528BBDBE800B6C07B /* Montserrat-VariableFont_wght.ttf in Resources */ = {isa = PBXBuildFile; fileRef = 927CB76E28BBDBE800B6C07B /* Montserrat-VariableFont_wght.ttf */; };
		927CB78628BBDBE800B6C07B /* Montserrat-VariableFont_wght.ttf in Resources */ = {isa = PBXBuildFile; fileRef = 927CB76E28BBDBE800B6C07B /* Montserrat-VariableFont_wght.ttf */; };
		927CB78728BBDBE800B6C07B /* Montserrat-VariableFont_wght.ttf in Resources */ = {isa = PBXBuildFile; fileRef = 927CB76E28BBDBE800B6C07B /* Montserrat-VariableFont_wght.ttf */; };
		927CB78828BBDBE800B6C07B /* Montserrat-Italic-VariableFont_wght.ttf in Resources */ = {isa = PBXBuildFile; fileRef = 927CB76F28BBDBE800B6C07B /* Montserrat-Italic-VariableFont_wght.ttf */; };
		927CB78928BBDBE800B6C07B /* Montserrat-Italic-VariableFont_wght.ttf in Resources */ = {isa = PBXBuildFile; fileRef = 927CB76F28BBDBE800B6C07B /* Montserrat-Italic-VariableFont_wght.ttf */; };
		927CB78A28BBDBE800B6C07B /* Montserrat-Italic-VariableFont_wght.ttf in Resources */ = {isa = PBXBuildFile; fileRef = 927CB76F28BBDBE800B6C07B /* Montserrat-Italic-VariableFont_wght.ttf */; };
		927CB78B28BBDBE800B6C07B /* Montserrat-LightItalic.ttf in Resources */ = {isa = PBXBuildFile; fileRef = 927CB77128BBDBE800B6C07B /* Montserrat-LightItalic.ttf */; };
		927CB78C28BBDBE800B6C07B /* Montserrat-LightItalic.ttf in Resources */ = {isa = PBXBuildFile; fileRef = 927CB77128BBDBE800B6C07B /* Montserrat-LightItalic.ttf */; };
		927CB78D28BBDBE800B6C07B /* Montserrat-LightItalic.ttf in Resources */ = {isa = PBXBuildFile; fileRef = 927CB77128BBDBE800B6C07B /* Montserrat-LightItalic.ttf */; };
		927CB78E28BBDBE800B6C07B /* Montserrat-Medium.ttf in Resources */ = {isa = PBXBuildFile; fileRef = 927CB77228BBDBE800B6C07B /* Montserrat-Medium.ttf */; };
		927CB78F28BBDBE800B6C07B /* Montserrat-Medium.ttf in Resources */ = {isa = PBXBuildFile; fileRef = 927CB77228BBDBE800B6C07B /* Montserrat-Medium.ttf */; };
		927CB79028BBDBE800B6C07B /* Montserrat-Medium.ttf in Resources */ = {isa = PBXBuildFile; fileRef = 927CB77228BBDBE800B6C07B /* Montserrat-Medium.ttf */; };
		927CB79128BBDBE800B6C07B /* Montserrat-BoldItalic.ttf in Resources */ = {isa = PBXBuildFile; fileRef = 927CB77328BBDBE800B6C07B /* Montserrat-BoldItalic.ttf */; };
		927CB79228BBDBE800B6C07B /* Montserrat-BoldItalic.ttf in Resources */ = {isa = PBXBuildFile; fileRef = 927CB77328BBDBE800B6C07B /* Montserrat-BoldItalic.ttf */; };
		927CB79328BBDBE800B6C07B /* Montserrat-BoldItalic.ttf in Resources */ = {isa = PBXBuildFile; fileRef = 927CB77328BBDBE800B6C07B /* Montserrat-BoldItalic.ttf */; };
		927CB79428BBDBE800B6C07B /* Montserrat-Light.ttf in Resources */ = {isa = PBXBuildFile; fileRef = 927CB77428BBDBE800B6C07B /* Montserrat-Light.ttf */; };
		927CB79528BBDBE800B6C07B /* Montserrat-Light.ttf in Resources */ = {isa = PBXBuildFile; fileRef = 927CB77428BBDBE800B6C07B /* Montserrat-Light.ttf */; };
		927CB79628BBDBE800B6C07B /* Montserrat-Light.ttf in Resources */ = {isa = PBXBuildFile; fileRef = 927CB77428BBDBE800B6C07B /* Montserrat-Light.ttf */; };
		927CB79728BBDBE800B6C07B /* Montserrat-ThinItalic.ttf in Resources */ = {isa = PBXBuildFile; fileRef = 927CB77528BBDBE800B6C07B /* Montserrat-ThinItalic.ttf */; };
		927CB79828BBDBE800B6C07B /* Montserrat-ThinItalic.ttf in Resources */ = {isa = PBXBuildFile; fileRef = 927CB77528BBDBE800B6C07B /* Montserrat-ThinItalic.ttf */; };
		927CB79928BBDBE800B6C07B /* Montserrat-ThinItalic.ttf in Resources */ = {isa = PBXBuildFile; fileRef = 927CB77528BBDBE800B6C07B /* Montserrat-ThinItalic.ttf */; };
		927CB79A28BBDBE800B6C07B /* Montserrat-ExtraLight.ttf in Resources */ = {isa = PBXBuildFile; fileRef = 927CB77628BBDBE800B6C07B /* Montserrat-ExtraLight.ttf */; };
		927CB79B28BBDBE800B6C07B /* Montserrat-ExtraLight.ttf in Resources */ = {isa = PBXBuildFile; fileRef = 927CB77628BBDBE800B6C07B /* Montserrat-ExtraLight.ttf */; };
		927CB79C28BBDBE800B6C07B /* Montserrat-ExtraLight.ttf in Resources */ = {isa = PBXBuildFile; fileRef = 927CB77628BBDBE800B6C07B /* Montserrat-ExtraLight.ttf */; };
		927CB79D28BBDBE800B6C07B /* Montserrat-Thin.ttf in Resources */ = {isa = PBXBuildFile; fileRef = 927CB77728BBDBE800B6C07B /* Montserrat-Thin.ttf */; };
		927CB79E28BBDBE800B6C07B /* Montserrat-Thin.ttf in Resources */ = {isa = PBXBuildFile; fileRef = 927CB77728BBDBE800B6C07B /* Montserrat-Thin.ttf */; };
		927CB79F28BBDBE800B6C07B /* Montserrat-Thin.ttf in Resources */ = {isa = PBXBuildFile; fileRef = 927CB77728BBDBE800B6C07B /* Montserrat-Thin.ttf */; };
		927CB7A028BBDBE800B6C07B /* Montserrat-Bold.ttf in Resources */ = {isa = PBXBuildFile; fileRef = 927CB77828BBDBE800B6C07B /* Montserrat-Bold.ttf */; };
		927CB7A128BBDBE800B6C07B /* Montserrat-Bold.ttf in Resources */ = {isa = PBXBuildFile; fileRef = 927CB77828BBDBE800B6C07B /* Montserrat-Bold.ttf */; };
		927CB7A228BBDBE800B6C07B /* Montserrat-Bold.ttf in Resources */ = {isa = PBXBuildFile; fileRef = 927CB77828BBDBE800B6C07B /* Montserrat-Bold.ttf */; };
		927CB7A328BBDBE800B6C07B /* Montserrat-MediumItalic.ttf in Resources */ = {isa = PBXBuildFile; fileRef = 927CB77928BBDBE800B6C07B /* Montserrat-MediumItalic.ttf */; };
		927CB7A428BBDBE800B6C07B /* Montserrat-MediumItalic.ttf in Resources */ = {isa = PBXBuildFile; fileRef = 927CB77928BBDBE800B6C07B /* Montserrat-MediumItalic.ttf */; };
		927CB7A528BBDBE800B6C07B /* Montserrat-MediumItalic.ttf in Resources */ = {isa = PBXBuildFile; fileRef = 927CB77928BBDBE800B6C07B /* Montserrat-MediumItalic.ttf */; };
		927CB7A628BBDBE800B6C07B /* Montserrat-BlackItalic.ttf in Resources */ = {isa = PBXBuildFile; fileRef = 927CB77A28BBDBE800B6C07B /* Montserrat-BlackItalic.ttf */; };
		927CB7A728BBDBE800B6C07B /* Montserrat-BlackItalic.ttf in Resources */ = {isa = PBXBuildFile; fileRef = 927CB77A28BBDBE800B6C07B /* Montserrat-BlackItalic.ttf */; };
		927CB7A828BBDBE800B6C07B /* Montserrat-BlackItalic.ttf in Resources */ = {isa = PBXBuildFile; fileRef = 927CB77A28BBDBE800B6C07B /* Montserrat-BlackItalic.ttf */; };
		927CB7A928BBDBE800B6C07B /* Montserrat-SemiBold.ttf in Resources */ = {isa = PBXBuildFile; fileRef = 927CB77B28BBDBE800B6C07B /* Montserrat-SemiBold.ttf */; };
		927CB7AA28BBDBE800B6C07B /* Montserrat-SemiBold.ttf in Resources */ = {isa = PBXBuildFile; fileRef = 927CB77B28BBDBE800B6C07B /* Montserrat-SemiBold.ttf */; };
		927CB7AB28BBDBE800B6C07B /* Montserrat-SemiBold.ttf in Resources */ = {isa = PBXBuildFile; fileRef = 927CB77B28BBDBE800B6C07B /* Montserrat-SemiBold.ttf */; };
		927CB7AC28BBDBE800B6C07B /* Montserrat-ExtraLightItalic.ttf in Resources */ = {isa = PBXBuildFile; fileRef = 927CB77C28BBDBE800B6C07B /* Montserrat-ExtraLightItalic.ttf */; };
		927CB7AD28BBDBE800B6C07B /* Montserrat-ExtraLightItalic.ttf in Resources */ = {isa = PBXBuildFile; fileRef = 927CB77C28BBDBE800B6C07B /* Montserrat-ExtraLightItalic.ttf */; };
		927CB7AE28BBDBE800B6C07B /* Montserrat-ExtraLightItalic.ttf in Resources */ = {isa = PBXBuildFile; fileRef = 927CB77C28BBDBE800B6C07B /* Montserrat-ExtraLightItalic.ttf */; };
		927CB7AF28BBDBE800B6C07B /* Montserrat-ExtraBold.ttf in Resources */ = {isa = PBXBuildFile; fileRef = 927CB77D28BBDBE800B6C07B /* Montserrat-ExtraBold.ttf */; };
		927CB7B028BBDBE800B6C07B /* Montserrat-ExtraBold.ttf in Resources */ = {isa = PBXBuildFile; fileRef = 927CB77D28BBDBE800B6C07B /* Montserrat-ExtraBold.ttf */; };
		927CB7B128BBDBE800B6C07B /* Montserrat-ExtraBold.ttf in Resources */ = {isa = PBXBuildFile; fileRef = 927CB77D28BBDBE800B6C07B /* Montserrat-ExtraBold.ttf */; };
		927CB7B228BBDBE800B6C07B /* Montserrat-Black.ttf in Resources */ = {isa = PBXBuildFile; fileRef = 927CB77E28BBDBE800B6C07B /* Montserrat-Black.ttf */; };
		927CB7B328BBDBE800B6C07B /* Montserrat-Black.ttf in Resources */ = {isa = PBXBuildFile; fileRef = 927CB77E28BBDBE800B6C07B /* Montserrat-Black.ttf */; };
		927CB7B428BBDBE800B6C07B /* Montserrat-Black.ttf in Resources */ = {isa = PBXBuildFile; fileRef = 927CB77E28BBDBE800B6C07B /* Montserrat-Black.ttf */; };
		927CB7B528BBDBE800B6C07B /* Montserrat-Regular.ttf in Resources */ = {isa = PBXBuildFile; fileRef = 927CB77F28BBDBE800B6C07B /* Montserrat-Regular.ttf */; };
		927CB7B628BBDBE800B6C07B /* Montserrat-Regular.ttf in Resources */ = {isa = PBXBuildFile; fileRef = 927CB77F28BBDBE800B6C07B /* Montserrat-Regular.ttf */; };
		927CB7B728BBDBE800B6C07B /* Montserrat-Regular.ttf in Resources */ = {isa = PBXBuildFile; fileRef = 927CB77F28BBDBE800B6C07B /* Montserrat-Regular.ttf */; };
		927CB7B828BBDBE800B6C07B /* Montserrat-Italic.ttf in Resources */ = {isa = PBXBuildFile; fileRef = 927CB78028BBDBE800B6C07B /* Montserrat-Italic.ttf */; };
		927CB7B928BBDBE800B6C07B /* Montserrat-Italic.ttf in Resources */ = {isa = PBXBuildFile; fileRef = 927CB78028BBDBE800B6C07B /* Montserrat-Italic.ttf */; };
		927CB7BA28BBDBE800B6C07B /* Montserrat-Italic.ttf in Resources */ = {isa = PBXBuildFile; fileRef = 927CB78028BBDBE800B6C07B /* Montserrat-Italic.ttf */; };
		927CB7BB28BBDBE800B6C07B /* Montserrat-SemiBoldItalic.ttf in Resources */ = {isa = PBXBuildFile; fileRef = 927CB78128BBDBE800B6C07B /* Montserrat-SemiBoldItalic.ttf */; };
		927CB7BC28BBDBE800B6C07B /* Montserrat-SemiBoldItalic.ttf in Resources */ = {isa = PBXBuildFile; fileRef = 927CB78128BBDBE800B6C07B /* Montserrat-SemiBoldItalic.ttf */; };
		927CB7BD28BBDBE800B6C07B /* Montserrat-SemiBoldItalic.ttf in Resources */ = {isa = PBXBuildFile; fileRef = 927CB78128BBDBE800B6C07B /* Montserrat-SemiBoldItalic.ttf */; };
		927CB7BE28BBDBE800B6C07B /* Montserrat-ExtraBoldItalic.ttf in Resources */ = {isa = PBXBuildFile; fileRef = 927CB78228BBDBE800B6C07B /* Montserrat-ExtraBoldItalic.ttf */; };
		927CB7BF28BBDBE800B6C07B /* Montserrat-ExtraBoldItalic.ttf in Resources */ = {isa = PBXBuildFile; fileRef = 927CB78228BBDBE800B6C07B /* Montserrat-ExtraBoldItalic.ttf */; };
		927CB7C028BBDBE800B6C07B /* Montserrat-ExtraBoldItalic.ttf in Resources */ = {isa = PBXBuildFile; fileRef = 927CB78228BBDBE800B6C07B /* Montserrat-ExtraBoldItalic.ttf */; };
		927CB7C128BBDBE800B6C07B /* OFL.txt in Resources */ = {isa = PBXBuildFile; fileRef = 927CB78328BBDBE800B6C07B /* OFL.txt */; };
		927CB7C228BBDBE800B6C07B /* OFL.txt in Resources */ = {isa = PBXBuildFile; fileRef = 927CB78328BBDBE800B6C07B /* OFL.txt */; };
		927CB7C328BBDBE800B6C07B /* OFL.txt in Resources */ = {isa = PBXBuildFile; fileRef = 927CB78328BBDBE800B6C07B /* OFL.txt */; };
		927CB7C428BBDBE800B6C07B /* README.txt in Resources */ = {isa = PBXBuildFile; fileRef = 927CB78428BBDBE800B6C07B /* README.txt */; };
		927CB7C528BBDBE800B6C07B /* README.txt in Resources */ = {isa = PBXBuildFile; fileRef = 927CB78428BBDBE800B6C07B /* README.txt */; };
		927CB7C628BBDBE800B6C07B /* README.txt in Resources */ = {isa = PBXBuildFile; fileRef = 927CB78428BBDBE800B6C07B /* README.txt */; };
		927CB7C828BBDFC300B6C07B /* WebView.swift in Sources */ = {isa = PBXBuildFile; fileRef = 927CB7C728BBDFC300B6C07B /* WebView.swift */; };
		927CB7CC28BC112100B6C07B /* MenuView.swift in Sources */ = {isa = PBXBuildFile; fileRef = 927CB7CB28BC112100B6C07B /* MenuView.swift */; };
		927CB7D428BD707800B6C07B /* Article.swift in Sources */ = {isa = PBXBuildFile; fileRef = 927CB7D328BD707800B6C07B /* Article.swift */; };
		927CB7D728BE617200B6C07B /* MenuContentsView.swift in Sources */ = {isa = PBXBuildFile; fileRef = 927CB7D628BE617200B6C07B /* MenuContentsView.swift */; };
		927CB7DB28BE692F00B6C07B /* MenuViewModel.swift in Sources */ = {isa = PBXBuildFile; fileRef = 927CB7DA28BE692F00B6C07B /* MenuViewModel.swift */; };
		92950E1228D3536700D81431 /* styleSheet.css in Resources */ = {isa = PBXBuildFile; fileRef = 92950E1128D3536700D81431 /* styleSheet.css */; };
		92AE03C328D3EB3600C6305B /* ContentViewTests.swift in Sources */ = {isa = PBXBuildFile; fileRef = 92AE03C228D3EB3600C6305B /* ContentViewTests.swift */; };
		92AE03C728D4DF5400C6305B /* NotificationOptions.swift in Sources */ = {isa = PBXBuildFile; fileRef = 92FC7C3228CBFB7A005BBA16 /* NotificationOptions.swift */; };
		92AE03C828D4DF5400C6305B /* ArticleDetails.swift in Sources */ = {isa = PBXBuildFile; fileRef = 92FC7C3A28CE2482005BBA16 /* ArticleDetails.swift */; };
		92AE03CC28D4DF9200C6305B /* NotificationOptions.swift in Sources */ = {isa = PBXBuildFile; fileRef = 92FC7C3228CBFB7A005BBA16 /* NotificationOptions.swift */; };
		92AE03CD28D4DF9200C6305B /* ArticleDetails.swift in Sources */ = {isa = PBXBuildFile; fileRef = 92FC7C3A28CE2482005BBA16 /* ArticleDetails.swift */; };
		92AE03D228D4E09F00C6305B /* DataStorage.xcdatamodeld in Sources */ = {isa = PBXBuildFile; fileRef = 92FC7C3428CCB145005BBA16 /* DataStorage.xcdatamodeld */; };
		92AE03D328D4E09F00C6305B /* DataStorage.xcdatamodeld in Sources */ = {isa = PBXBuildFile; fileRef = 92FC7C3428CCB145005BBA16 /* DataStorage.xcdatamodeld */; };
		92AE03D428D4E0AC00C6305B /* Localizable.strings in Resources */ = {isa = PBXBuildFile; fileRef = 92FC7C0B28C79621005BBA16 /* Localizable.strings */; };
		92AE03D528D4E0AC00C6305B /* Localizable.strings in Resources */ = {isa = PBXBuildFile; fileRef = 92FC7C0B28C79621005BBA16 /* Localizable.strings */; };
		92AE03D628D4E0E400C6305B /* RandomWikiUITests.swift in Sources */ = {isa = PBXBuildFile; fileRef = 92E2003F28B99487009FDD4E /* RandomWikiUITests.swift */; };
		92AE03D728D4E0E600C6305B /* RandomWikiUITestsLaunchTests.swift in Sources */ = {isa = PBXBuildFile; fileRef = 92E2004128B99487009FDD4E /* RandomWikiUITestsLaunchTests.swift */; };
		92E2002528B99486009FDD4E /* RandomWikiApp.swift in Sources */ = {isa = PBXBuildFile; fileRef = 92E2002428B99486009FDD4E /* RandomWikiApp.swift */; };
		92E2002728B99486009FDD4E /* ContentView.swift in Sources */ = {isa = PBXBuildFile; fileRef = 92E2002628B99486009FDD4E /* ContentView.swift */; };
		92E2002928B99487009FDD4E /* Assets.xcassets in Resources */ = {isa = PBXBuildFile; fileRef = 92E2002828B99487009FDD4E /* Assets.xcassets */; };
		92E2002C28B99487009FDD4E /* Preview Assets.xcassets in Resources */ = {isa = PBXBuildFile; fileRef = 92E2002B28B99487009FDD4E /* Preview Assets.xcassets */; };
		92E2005728B99AA6009FDD4E /* FirebaseAnalytics in Frameworks */ = {isa = PBXBuildFile; productRef = 92E2005628B99AA6009FDD4E /* FirebaseAnalytics */; };
		92E2005928B99AA6009FDD4E /* FirebaseAuth in Frameworks */ = {isa = PBXBuildFile; productRef = 92E2005828B99AA6009FDD4E /* FirebaseAuth */; };
		92E2005B28B99AA6009FDD4E /* FirebaseMessaging in Frameworks */ = {isa = PBXBuildFile; productRef = 92E2005A28B99AA6009FDD4E /* FirebaseMessaging */; };
		92E2005D28B99E72009FDD4E /* AppDelegate.swift in Sources */ = {isa = PBXBuildFile; fileRef = 92E2005C28B99E72009FDD4E /* AppDelegate.swift */; };
		92FC7BEF28C507D9005BBA16 /* DataBase.swift in Sources */ = {isa = PBXBuildFile; fileRef = 92FC7BEE28C507D9005BBA16 /* DataBase.swift */; };
		92FC7BF428C546A6005BBA16 /* UserDefaultsExtensions.swift in Sources */ = {isa = PBXBuildFile; fileRef = 92FC7BF328C546A6005BBA16 /* UserDefaultsExtensions.swift */; };
		92FC7C0128C66A27005BBA16 /* SwiftSoup in Frameworks */ = {isa = PBXBuildFile; productRef = 92FC7C0028C66A27005BBA16 /* SwiftSoup */; };
		92FC7C0428C6821D005BBA16 /* CustomContextMenu.swift in Sources */ = {isa = PBXBuildFile; fileRef = 92FC7C0328C6821D005BBA16 /* CustomContextMenu.swift */; };
		92FC7C0828C79599005BBA16 /* StringExtensions.swift in Sources */ = {isa = PBXBuildFile; fileRef = 92FC7C0728C79599005BBA16 /* StringExtensions.swift */; };
		92FC7C0928C79621005BBA16 /* Localizable.strings in Resources */ = {isa = PBXBuildFile; fileRef = 92FC7C0B28C79621005BBA16 /* Localizable.strings */; };
		92FC7C0D28C7A80D005BBA16 /* LoadingView.swift in Sources */ = {isa = PBXBuildFile; fileRef = 92FC7C0C28C7A80D005BBA16 /* LoadingView.swift */; };
		92FC7C1028C7ABE5005BBA16 /* Lottie in Frameworks */ = {isa = PBXBuildFile; productRef = 92FC7C0F28C7ABE5005BBA16 /* Lottie */; };
		92FC7C1228C7AD51005BBA16 /* LottieView.swift in Sources */ = {isa = PBXBuildFile; fileRef = 92FC7C1128C7AD51005BBA16 /* LottieView.swift */; };
		92FC7C1828C7E4D9005BBA16 /* SettingsContentView.swift in Sources */ = {isa = PBXBuildFile; fileRef = 92FC7C1728C7E4D9005BBA16 /* SettingsContentView.swift */; };
		92FC7C1D28C7EEE5005BBA16 /* MenuItemModifier.swift in Sources */ = {isa = PBXBuildFile; fileRef = 92FC7C1C28C7EEE5005BBA16 /* MenuItemModifier.swift */; };
		92FC7C2028C8DA01005BBA16 /* MenuItem.swift in Sources */ = {isa = PBXBuildFile; fileRef = 92FC7C1F28C8DA01005BBA16 /* MenuItem.swift */; };
		92FC7C2328C91D79005BBA16 /* NotificationsView.swift in Sources */ = {isa = PBXBuildFile; fileRef = 92FC7C2228C91D79005BBA16 /* NotificationsView.swift */; };
		92FC7C2528C91D8A005BBA16 /* FontSizeView.swift in Sources */ = {isa = PBXBuildFile; fileRef = 92FC7C2428C91D8A005BBA16 /* FontSizeView.swift */; };
		92FC7C2928C94002005BBA16 /* MenuAlertItem.swift in Sources */ = {isa = PBXBuildFile; fileRef = 92FC7C2828C94002005BBA16 /* MenuAlertItem.swift */; };
		92FC7C3128CAA6F0005BBA16 /* LockerSlider.swift in Sources */ = {isa = PBXBuildFile; fileRef = 92FC7C3028CAA6F0005BBA16 /* LockerSlider.swift */; };
		92FC7C3328CBFB7A005BBA16 /* NotificationOptions.swift in Sources */ = {isa = PBXBuildFile; fileRef = 92FC7C3228CBFB7A005BBA16 /* NotificationOptions.swift */; };
		92FC7C3628CCB145005BBA16 /* DataStorage.xcdatamodeld in Sources */ = {isa = PBXBuildFile; fileRef = 92FC7C3428CCB145005BBA16 /* DataStorage.xcdatamodeld */; };
		92FC7C3928CCB271005BBA16 /* DataController.swift in Sources */ = {isa = PBXBuildFile; fileRef = 92FC7C3828CCB271005BBA16 /* DataController.swift */; };
		92FC7C3B28CE2482005BBA16 /* ArticleDetails.swift in Sources */ = {isa = PBXBuildFile; fileRef = 92FC7C3A28CE2482005BBA16 /* ArticleDetails.swift */; };
		92FC7C3D28CE8711005BBA16 /* Launch Screen.storyboard in Resources */ = {isa = PBXBuildFile; fileRef = 92FC7C3C28CE8711005BBA16 /* Launch Screen.storyboard */; };
/* End PBXBuildFile section */

/* Begin PBXContainerItemProxy section */
		92E2003228B99487009FDD4E /* PBXContainerItemProxy */ = {
			isa = PBXContainerItemProxy;
			containerPortal = 92E2001928B99486009FDD4E /* Project object */;
			proxyType = 1;
			remoteGlobalIDString = 92E2002028B99486009FDD4E;
			remoteInfo = RandomWiki;
		};
		92E2003C28B99487009FDD4E /* PBXContainerItemProxy */ = {
			isa = PBXContainerItemProxy;
			containerPortal = 92E2001928B99486009FDD4E /* Project object */;
			proxyType = 1;
			remoteGlobalIDString = 92E2002028B99486009FDD4E;
			remoteInfo = RandomWiki;
		};
/* End PBXContainerItemProxy section */

/* Begin PBXFileReference section */
		9236FD2428C3B1A300ADA10E /* FavoritesView.swift */ = {isa = PBXFileReference; lastKnownFileType = sourcecode.swift; path = FavoritesView.swift; sourceTree = "<group>"; };
		9236FD2828C3B65000ADA10E /* WebKitLoader.swift */ = {isa = PBXFileReference; lastKnownFileType = sourcecode.swift; path = WebKitLoader.swift; sourceTree = "<group>"; };
		927CB75F28BAE1A100B6C07B /* ClosureTypes.swift */ = {isa = PBXFileReference; lastKnownFileType = sourcecode.swift; path = ClosureTypes.swift; sourceTree = "<group>"; };
		927CB76128BAE4D800B6C07B /* ContentViewModel.swift */ = {isa = PBXFileReference; lastKnownFileType = sourcecode.swift; path = ContentViewModel.swift; sourceTree = "<group>"; };
		927CB76328BBC84200B6C07B /* GoogleService-Info.plist */ = {isa = PBXFileReference; fileEncoding = 4; lastKnownFileType = text.plist.xml; path = "GoogleService-Info.plist"; sourceTree = "<group>"; };
		927CB76728BBC9D800B6C07B /* RandomWiki.entitlements */ = {isa = PBXFileReference; lastKnownFileType = text.plist.entitlements; path = RandomWiki.entitlements; sourceTree = "<group>"; };
		927CB76828BBDAA200B6C07B /* ScaledFont.swift */ = {isa = PBXFileReference; lastKnownFileType = sourcecode.swift; path = ScaledFont.swift; sourceTree = "<group>"; };
		927CB76E28BBDBE800B6C07B /* Montserrat-VariableFont_wght.ttf */ = {isa = PBXFileReference; lastKnownFileType = file; path = "Montserrat-VariableFont_wght.ttf"; sourceTree = "<group>"; };
		927CB76F28BBDBE800B6C07B /* Montserrat-Italic-VariableFont_wght.ttf */ = {isa = PBXFileReference; lastKnownFileType = file; path = "Montserrat-Italic-VariableFont_wght.ttf"; sourceTree = "<group>"; };
		927CB77128BBDBE800B6C07B /* Montserrat-LightItalic.ttf */ = {isa = PBXFileReference; lastKnownFileType = file; path = "Montserrat-LightItalic.ttf"; sourceTree = "<group>"; };
		927CB77228BBDBE800B6C07B /* Montserrat-Medium.ttf */ = {isa = PBXFileReference; lastKnownFileType = file; path = "Montserrat-Medium.ttf"; sourceTree = "<group>"; };
		927CB77328BBDBE800B6C07B /* Montserrat-BoldItalic.ttf */ = {isa = PBXFileReference; lastKnownFileType = file; path = "Montserrat-BoldItalic.ttf"; sourceTree = "<group>"; };
		927CB77428BBDBE800B6C07B /* Montserrat-Light.ttf */ = {isa = PBXFileReference; lastKnownFileType = file; path = "Montserrat-Light.ttf"; sourceTree = "<group>"; };
		927CB77528BBDBE800B6C07B /* Montserrat-ThinItalic.ttf */ = {isa = PBXFileReference; lastKnownFileType = file; path = "Montserrat-ThinItalic.ttf"; sourceTree = "<group>"; };
		927CB77628BBDBE800B6C07B /* Montserrat-ExtraLight.ttf */ = {isa = PBXFileReference; lastKnownFileType = file; path = "Montserrat-ExtraLight.ttf"; sourceTree = "<group>"; };
		927CB77728BBDBE800B6C07B /* Montserrat-Thin.ttf */ = {isa = PBXFileReference; lastKnownFileType = file; path = "Montserrat-Thin.ttf"; sourceTree = "<group>"; };
		927CB77828BBDBE800B6C07B /* Montserrat-Bold.ttf */ = {isa = PBXFileReference; lastKnownFileType = file; path = "Montserrat-Bold.ttf"; sourceTree = "<group>"; };
		927CB77928BBDBE800B6C07B /* Montserrat-MediumItalic.ttf */ = {isa = PBXFileReference; lastKnownFileType = file; path = "Montserrat-MediumItalic.ttf"; sourceTree = "<group>"; };
		927CB77A28BBDBE800B6C07B /* Montserrat-BlackItalic.ttf */ = {isa = PBXFileReference; lastKnownFileType = file; path = "Montserrat-BlackItalic.ttf"; sourceTree = "<group>"; };
		927CB77B28BBDBE800B6C07B /* Montserrat-SemiBold.ttf */ = {isa = PBXFileReference; lastKnownFileType = file; path = "Montserrat-SemiBold.ttf"; sourceTree = "<group>"; };
		927CB77C28BBDBE800B6C07B /* Montserrat-ExtraLightItalic.ttf */ = {isa = PBXFileReference; lastKnownFileType = file; path = "Montserrat-ExtraLightItalic.ttf"; sourceTree = "<group>"; };
		927CB77D28BBDBE800B6C07B /* Montserrat-ExtraBold.ttf */ = {isa = PBXFileReference; lastKnownFileType = file; path = "Montserrat-ExtraBold.ttf"; sourceTree = "<group>"; };
		927CB77E28BBDBE800B6C07B /* Montserrat-Black.ttf */ = {isa = PBXFileReference; lastKnownFileType = file; path = "Montserrat-Black.ttf"; sourceTree = "<group>"; };
		927CB77F28BBDBE800B6C07B /* Montserrat-Regular.ttf */ = {isa = PBXFileReference; lastKnownFileType = file; path = "Montserrat-Regular.ttf"; sourceTree = "<group>"; };
		927CB78028BBDBE800B6C07B /* Montserrat-Italic.ttf */ = {isa = PBXFileReference; lastKnownFileType = file; path = "Montserrat-Italic.ttf"; sourceTree = "<group>"; };
		927CB78128BBDBE800B6C07B /* Montserrat-SemiBoldItalic.ttf */ = {isa = PBXFileReference; lastKnownFileType = file; path = "Montserrat-SemiBoldItalic.ttf"; sourceTree = "<group>"; };
		927CB78228BBDBE800B6C07B /* Montserrat-ExtraBoldItalic.ttf */ = {isa = PBXFileReference; lastKnownFileType = file; path = "Montserrat-ExtraBoldItalic.ttf"; sourceTree = "<group>"; };
		927CB78328BBDBE800B6C07B /* OFL.txt */ = {isa = PBXFileReference; fileEncoding = 4; lastKnownFileType = text; path = OFL.txt; sourceTree = "<group>"; };
		927CB78428BBDBE800B6C07B /* README.txt */ = {isa = PBXFileReference; fileEncoding = 4; lastKnownFileType = text; path = README.txt; sourceTree = "<group>"; };
		927CB7C728BBDFC300B6C07B /* WebView.swift */ = {isa = PBXFileReference; lastKnownFileType = sourcecode.swift; path = WebView.swift; sourceTree = "<group>"; };
		927CB7CB28BC112100B6C07B /* MenuView.swift */ = {isa = PBXFileReference; lastKnownFileType = sourcecode.swift; path = MenuView.swift; sourceTree = "<group>"; };
		927CB7D328BD707800B6C07B /* Article.swift */ = {isa = PBXFileReference; lastKnownFileType = sourcecode.swift; path = Article.swift; sourceTree = "<group>"; };
		927CB7D628BE617200B6C07B /* MenuContentsView.swift */ = {isa = PBXFileReference; lastKnownFileType = sourcecode.swift; path = MenuContentsView.swift; sourceTree = "<group>"; };
		927CB7DA28BE692F00B6C07B /* MenuViewModel.swift */ = {isa = PBXFileReference; lastKnownFileType = sourcecode.swift; path = MenuViewModel.swift; sourceTree = "<group>"; };
		92950E1128D3536700D81431 /* styleSheet.css */ = {isa = PBXFileReference; lastKnownFileType = text.css; path = styleSheet.css; sourceTree = "<group>"; };
		92AE03C228D3EB3600C6305B /* ContentViewTests.swift */ = {isa = PBXFileReference; lastKnownFileType = sourcecode.swift; path = ContentViewTests.swift; sourceTree = "<group>"; };
		92E2002128B99486009FDD4E /* RandomWiki.app */ = {isa = PBXFileReference; explicitFileType = wrapper.application; includeInIndex = 0; path = RandomWiki.app; sourceTree = BUILT_PRODUCTS_DIR; };
		92E2002428B99486009FDD4E /* RandomWikiApp.swift */ = {isa = PBXFileReference; lastKnownFileType = sourcecode.swift; path = RandomWikiApp.swift; sourceTree = "<group>"; };
		92E2002628B99486009FDD4E /* ContentView.swift */ = {isa = PBXFileReference; lastKnownFileType = sourcecode.swift; path = ContentView.swift; sourceTree = "<group>"; };
		92E2002828B99487009FDD4E /* Assets.xcassets */ = {isa = PBXFileReference; lastKnownFileType = folder.assetcatalog; path = Assets.xcassets; sourceTree = "<group>"; };
		92E2002B28B99487009FDD4E /* Preview Assets.xcassets */ = {isa = PBXFileReference; lastKnownFileType = folder.assetcatalog; path = "Preview Assets.xcassets"; sourceTree = "<group>"; };
		92E2003128B99487009FDD4E /* RandomWikiTests.xctest */ = {isa = PBXFileReference; explicitFileType = wrapper.cfbundle; includeInIndex = 0; path = RandomWikiTests.xctest; sourceTree = BUILT_PRODUCTS_DIR; };
		92E2003B28B99487009FDD4E /* RandomWikiUITests.xctest */ = {isa = PBXFileReference; explicitFileType = wrapper.cfbundle; includeInIndex = 0; path = RandomWikiUITests.xctest; sourceTree = BUILT_PRODUCTS_DIR; };
		92E2003F28B99487009FDD4E /* RandomWikiUITests.swift */ = {isa = PBXFileReference; lastKnownFileType = sourcecode.swift; path = RandomWikiUITests.swift; sourceTree = "<group>"; };
		92E2004128B99487009FDD4E /* RandomWikiUITestsLaunchTests.swift */ = {isa = PBXFileReference; lastKnownFileType = sourcecode.swift; path = RandomWikiUITestsLaunchTests.swift; sourceTree = "<group>"; };
		92E2005428B99715009FDD4E /* Info.plist */ = {isa = PBXFileReference; lastKnownFileType = text.plist; path = Info.plist; sourceTree = "<group>"; };
		92E2005C28B99E72009FDD4E /* AppDelegate.swift */ = {isa = PBXFileReference; lastKnownFileType = sourcecode.swift; path = AppDelegate.swift; sourceTree = "<group>"; };
		92FC7BEE28C507D9005BBA16 /* DataBase.swift */ = {isa = PBXFileReference; lastKnownFileType = sourcecode.swift; path = DataBase.swift; sourceTree = "<group>"; };
		92FC7BF328C546A6005BBA16 /* UserDefaultsExtensions.swift */ = {isa = PBXFileReference; lastKnownFileType = sourcecode.swift; path = UserDefaultsExtensions.swift; sourceTree = "<group>"; };
		92FC7C0328C6821D005BBA16 /* CustomContextMenu.swift */ = {isa = PBXFileReference; lastKnownFileType = sourcecode.swift; path = CustomContextMenu.swift; sourceTree = "<group>"; };
		92FC7C0728C79599005BBA16 /* StringExtensions.swift */ = {isa = PBXFileReference; lastKnownFileType = sourcecode.swift; path = StringExtensions.swift; sourceTree = "<group>"; };
		92FC7C0A28C79621005BBA16 /* en */ = {isa = PBXFileReference; lastKnownFileType = text.plist.strings; name = en; path = en.lproj/Localizable.strings; sourceTree = "<group>"; };
		92FC7C0C28C7A80D005BBA16 /* LoadingView.swift */ = {isa = PBXFileReference; lastKnownFileType = sourcecode.swift; path = LoadingView.swift; sourceTree = "<group>"; };
		92FC7C1128C7AD51005BBA16 /* LottieView.swift */ = {isa = PBXFileReference; lastKnownFileType = sourcecode.swift; path = LottieView.swift; sourceTree = "<group>"; };
		92FC7C1728C7E4D9005BBA16 /* SettingsContentView.swift */ = {isa = PBXFileReference; lastKnownFileType = sourcecode.swift; path = SettingsContentView.swift; sourceTree = "<group>"; };
		92FC7C1C28C7EEE5005BBA16 /* MenuItemModifier.swift */ = {isa = PBXFileReference; lastKnownFileType = sourcecode.swift; path = MenuItemModifier.swift; sourceTree = "<group>"; };
		92FC7C1F28C8DA01005BBA16 /* MenuItem.swift */ = {isa = PBXFileReference; lastKnownFileType = sourcecode.swift; path = MenuItem.swift; sourceTree = "<group>"; };
		92FC7C2228C91D79005BBA16 /* NotificationsView.swift */ = {isa = PBXFileReference; lastKnownFileType = sourcecode.swift; path = NotificationsView.swift; sourceTree = "<group>"; };
		92FC7C2428C91D8A005BBA16 /* FontSizeView.swift */ = {isa = PBXFileReference; lastKnownFileType = sourcecode.swift; path = FontSizeView.swift; sourceTree = "<group>"; };
		92FC7C2828C94002005BBA16 /* MenuAlertItem.swift */ = {isa = PBXFileReference; lastKnownFileType = sourcecode.swift; path = MenuAlertItem.swift; sourceTree = "<group>"; };
		92FC7C3028CAA6F0005BBA16 /* LockerSlider.swift */ = {isa = PBXFileReference; lastKnownFileType = sourcecode.swift; path = LockerSlider.swift; sourceTree = "<group>"; };
		92FC7C3228CBFB7A005BBA16 /* NotificationOptions.swift */ = {isa = PBXFileReference; lastKnownFileType = sourcecode.swift; path = NotificationOptions.swift; sourceTree = "<group>"; };
		92FC7C3528CCB145005BBA16 /* DataStorage.xcdatamodel */ = {isa = PBXFileReference; lastKnownFileType = wrapper.xcdatamodel; path = DataStorage.xcdatamodel; sourceTree = "<group>"; };
		92FC7C3828CCB271005BBA16 /* DataController.swift */ = {isa = PBXFileReference; lastKnownFileType = sourcecode.swift; path = DataController.swift; sourceTree = "<group>"; };
		92FC7C3A28CE2482005BBA16 /* ArticleDetails.swift */ = {isa = PBXFileReference; lastKnownFileType = sourcecode.swift; path = ArticleDetails.swift; sourceTree = "<group>"; };
		92FC7C3C28CE8711005BBA16 /* Launch Screen.storyboard */ = {isa = PBXFileReference; lastKnownFileType = file.storyboard; path = "Launch Screen.storyboard"; sourceTree = "<group>"; };
/* End PBXFileReference section */

/* Begin PBXFrameworksBuildPhase section */
		92E2001E28B99486009FDD4E /* Frameworks */ = {
			isa = PBXFrameworksBuildPhase;
			buildActionMask = 2147483647;
			files = (
				92FC7C1028C7ABE5005BBA16 /* Lottie in Frameworks */,
				92E2005B28B99AA6009FDD4E /* FirebaseMessaging in Frameworks */,
				92FC7C0128C66A27005BBA16 /* SwiftSoup in Frameworks */,
				92E2005728B99AA6009FDD4E /* FirebaseAnalytics in Frameworks */,
				92E2005928B99AA6009FDD4E /* FirebaseAuth in Frameworks */,
			);
			runOnlyForDeploymentPostprocessing = 0;
		};
		92E2002E28B99487009FDD4E /* Frameworks */ = {
			isa = PBXFrameworksBuildPhase;
			buildActionMask = 2147483647;
			files = (
			);
			runOnlyForDeploymentPostprocessing = 0;
		};
		92E2003828B99487009FDD4E /* Frameworks */ = {
			isa = PBXFrameworksBuildPhase;
			buildActionMask = 2147483647;
			files = (
			);
			runOnlyForDeploymentPostprocessing = 0;
		};
/* End PBXFrameworksBuildPhase section */

/* Begin PBXGroup section */
		9236FD2728C3B63B00ADA10E /* Network */ = {
			isa = PBXGroup;
			children = (
				92950E0E28D205D000D81431 /* Scripts */,
				9236FD2828C3B65000ADA10E /* WebKitLoader.swift */,
			);
			path = Network;
			sourceTree = "<group>";
		};
		927CB75C28BADD9C00B6C07B /* Extensions */ = {
			isa = PBXGroup;
			children = (
				92FC7C1E28C7F263005BBA16 /* View Modifiers */,
				92FC7BF328C546A6005BBA16 /* UserDefaultsExtensions.swift */,
				92FC7C0728C79599005BBA16 /* StringExtensions.swift */,
			);
			path = Extensions;
			sourceTree = "<group>";
		};
		927CB76C28BBDBC800B6C07B /* Fonts */ = {
			isa = PBXGroup;
			children = (
				927CB76D28BBDBE800B6C07B /* Montserrat */,
			);
			path = Fonts;
			sourceTree = "<group>";
		};
		927CB76D28BBDBE800B6C07B /* Montserrat */ = {
			isa = PBXGroup;
			children = (
				927CB76E28BBDBE800B6C07B /* Montserrat-VariableFont_wght.ttf */,
				927CB76F28BBDBE800B6C07B /* Montserrat-Italic-VariableFont_wght.ttf */,
				927CB77028BBDBE800B6C07B /* static */,
				927CB78328BBDBE800B6C07B /* OFL.txt */,
				927CB78428BBDBE800B6C07B /* README.txt */,
			);
			path = Montserrat;
			sourceTree = "<group>";
		};
		927CB77028BBDBE800B6C07B /* static */ = {
			isa = PBXGroup;
			children = (
				927CB77128BBDBE800B6C07B /* Montserrat-LightItalic.ttf */,
				927CB77228BBDBE800B6C07B /* Montserrat-Medium.ttf */,
				927CB77328BBDBE800B6C07B /* Montserrat-BoldItalic.ttf */,
				927CB77428BBDBE800B6C07B /* Montserrat-Light.ttf */,
				927CB77528BBDBE800B6C07B /* Montserrat-ThinItalic.ttf */,
				927CB77628BBDBE800B6C07B /* Montserrat-ExtraLight.ttf */,
				927CB77728BBDBE800B6C07B /* Montserrat-Thin.ttf */,
				927CB77828BBDBE800B6C07B /* Montserrat-Bold.ttf */,
				927CB77928BBDBE800B6C07B /* Montserrat-MediumItalic.ttf */,
				927CB77A28BBDBE800B6C07B /* Montserrat-BlackItalic.ttf */,
				927CB77B28BBDBE800B6C07B /* Montserrat-SemiBold.ttf */,
				927CB77C28BBDBE800B6C07B /* Montserrat-ExtraLightItalic.ttf */,
				927CB77D28BBDBE800B6C07B /* Montserrat-ExtraBold.ttf */,
				927CB77E28BBDBE800B6C07B /* Montserrat-Black.ttf */,
				927CB77F28BBDBE800B6C07B /* Montserrat-Regular.ttf */,
				927CB78028BBDBE800B6C07B /* Montserrat-Italic.ttf */,
				927CB78128BBDBE800B6C07B /* Montserrat-SemiBoldItalic.ttf */,
				927CB78228BBDBE800B6C07B /* Montserrat-ExtraBoldItalic.ttf */,
			);
			path = static;
			sourceTree = "<group>";
		};
		927CB7D928BE691600B6C07B /* Menu */ = {
			isa = PBXGroup;
			children = (
				927CB7D628BE617200B6C07B /* MenuContentsView.swift */,
				92FC7C1728C7E4D9005BBA16 /* SettingsContentView.swift */,
			);
			path = Menu;
			sourceTree = "<group>";
		};
		92950E0E28D205D000D81431 /* Scripts */ = {
			isa = PBXGroup;
			children = (
				92950E1128D3536700D81431 /* styleSheet.css */,
			);
			path = Scripts;
			sourceTree = "<group>";
		};
		92AE03BA28D3EA9600C6305B /* Core */ = {
			isa = PBXGroup;
			children = (
				92AE03BF28D3EACA00C6305B /* Network */,
				92AE03BE28D3EAC300C6305B /* Extensions */,
				92AE03BD28D3EAB600C6305B /* Components */,
				92AE03BC28D3EAAE00C6305B /* Models */,
			);
			path = Core;
			sourceTree = "<group>";
		};
		92AE03BB28D3EA9F00C6305B /* Modules */ = {
			isa = PBXGroup;
			children = (
				92AE03C128D3EADC00C6305B /* Home */,
				92AE03C028D3EAD500C6305B /* Main Menu */,
			);
			path = Modules;
			sourceTree = "<group>";
		};
		92AE03BC28D3EAAE00C6305B /* Models */ = {
			isa = PBXGroup;
			children = (
			);
			path = Models;
			sourceTree = "<group>";
		};
		92AE03BD28D3EAB600C6305B /* Components */ = {
			isa = PBXGroup;
			children = (
			);
			path = Components;
			sourceTree = "<group>";
		};
		92AE03BE28D3EAC300C6305B /* Extensions */ = {
			isa = PBXGroup;
			children = (
			);
			path = Extensions;
			sourceTree = "<group>";
		};
		92AE03BF28D3EACA00C6305B /* Network */ = {
			isa = PBXGroup;
			children = (
			);
			path = Network;
			sourceTree = "<group>";
		};
		92AE03C028D3EAD500C6305B /* Main Menu */ = {
			isa = PBXGroup;
			children = (
			);
			path = "Main Menu";
			sourceTree = "<group>";
		};
		92AE03C128D3EADC00C6305B /* Home */ = {
			isa = PBXGroup;
			children = (
				92AE03C228D3EB3600C6305B /* ContentViewTests.swift */,
			);
			path = Home;
			sourceTree = "<group>";
		};
		92E2001828B99486009FDD4E = {
			isa = PBXGroup;
			children = (
				92E2002328B99486009FDD4E /* RandomWiki */,
				92E2003428B99487009FDD4E /* RandomWikiTests */,
				92E2003E28B99487009FDD4E /* RandomWikiUITests */,
				92E2002228B99486009FDD4E /* Products */,
			);
			sourceTree = "<group>";
		};
		92E2002228B99486009FDD4E /* Products */ = {
			isa = PBXGroup;
			children = (
				92E2002128B99486009FDD4E /* RandomWiki.app */,
				92E2003128B99487009FDD4E /* RandomWikiTests.xctest */,
				92E2003B28B99487009FDD4E /* RandomWikiUITests.xctest */,
			);
			name = Products;
			sourceTree = "<group>";
		};
		92E2002328B99486009FDD4E /* RandomWiki */ = {
			isa = PBXGroup;
			children = (
				927CB76728BBC9D800B6C07B /* RandomWiki.entitlements */,
				927CB76328BBC84200B6C07B /* GoogleService-Info.plist */,
				92E2005428B99715009FDD4E /* Info.plist */,
				92E2004E28B994B6009FDD4E /* App */,
				92E2004F28B994BD009FDD4E /* Core */,
				92E2005028B994C2009FDD4E /* Modules */,
				92E2002A28B99487009FDD4E /* Preview Content */,
			);
			path = RandomWiki;
			sourceTree = "<group>";
		};
		92E2002A28B99487009FDD4E /* Preview Content */ = {
			isa = PBXGroup;
			children = (
				92E2002B28B99487009FDD4E /* Preview Assets.xcassets */,
			);
			path = "Preview Content";
			sourceTree = "<group>";
		};
		92E2003428B99487009FDD4E /* RandomWikiTests */ = {
			isa = PBXGroup;
			children = (
				92AE03BB28D3EA9F00C6305B /* Modules */,
				92AE03BA28D3EA9600C6305B /* Core */,
			);
			path = RandomWikiTests;
			sourceTree = "<group>";
		};
		92E2003E28B99487009FDD4E /* RandomWikiUITests */ = {
			isa = PBXGroup;
			children = (
				92E2003F28B99487009FDD4E /* RandomWikiUITests.swift */,
				92E2004128B99487009FDD4E /* RandomWikiUITestsLaunchTests.swift */,
			);
			path = RandomWikiUITests;
			sourceTree = "<group>";
		};
		92E2004E28B994B6009FDD4E /* App */ = {
			isa = PBXGroup;
			children = (
				92E2002428B99486009FDD4E /* RandomWikiApp.swift */,
				92E2005C28B99E72009FDD4E /* AppDelegate.swift */,
				92FC7C3C28CE8711005BBA16 /* Launch Screen.storyboard */,
			);
			path = App;
			sourceTree = "<group>";
		};
		92E2004F28B994BD009FDD4E /* Core */ = {
			isa = PBXGroup;
			children = (
				92FC7C3728CCB262005BBA16 /* Storage */,
				9236FD2728C3B63B00ADA10E /* Network */,
				927CB75C28BADD9C00B6C07B /* Extensions */,
				92E2005328B99538009FDD4E /* Components */,
				92E2005228B99533009FDD4E /* Models */,
				92E2005128B99520009FDD4E /* Resources */,
			);
			path = Core;
			sourceTree = "<group>";
		};
		92E2005028B994C2009FDD4E /* Modules */ = {
			isa = PBXGroup;
			children = (
				92FC7BF628C5476B005BBA16 /* Home */,
				92FC7BF528C54760005BBA16 /* Main Menu */,
			);
			path = Modules;
			sourceTree = "<group>";
		};
		92E2005128B99520009FDD4E /* Resources */ = {
			isa = PBXGroup;
			children = (
				927CB76C28BBDBC800B6C07B /* Fonts */,
				92E2002828B99487009FDD4E /* Assets.xcassets */,
				92FC7C0B28C79621005BBA16 /* Localizable.strings */,
				92FC7C3428CCB145005BBA16 /* DataStorage.xcdatamodeld */,
			);
			path = Resources;
			sourceTree = "<group>";
		};
		92E2005228B99533009FDD4E /* Models */ = {
			isa = PBXGroup;
			children = (
				927CB75F28BAE1A100B6C07B /* ClosureTypes.swift */,
				927CB7D328BD707800B6C07B /* Article.swift */,
				92FC7BEE28C507D9005BBA16 /* DataBase.swift */,
				92FC7C3228CBFB7A005BBA16 /* NotificationOptions.swift */,
				92FC7C3A28CE2482005BBA16 /* ArticleDetails.swift */,
			);
			path = Models;
			sourceTree = "<group>";
		};
		92E2005328B99538009FDD4E /* Components */ = {
			isa = PBXGroup;
			children = (
				92FC7C2D28CA9B03005BBA16 /* UI */,
				92FC7C2128C91D63005BBA16 /* Settings */,
				92FC7C0228C68203005BBA16 /* Favorites */,
				927CB7D928BE691600B6C07B /* Menu */,
				92FC7BF928C547CF005BBA16 /* WebKit */,
			);
			path = Components;
			sourceTree = "<group>";
		};
		92FC7BF528C54760005BBA16 /* Main Menu */ = {
			isa = PBXGroup;
			children = (
				927CB7CB28BC112100B6C07B /* MenuView.swift */,
				927CB7DA28BE692F00B6C07B /* MenuViewModel.swift */,
			);
			path = "Main Menu";
			sourceTree = "<group>";
		};
		92FC7BF628C5476B005BBA16 /* Home */ = {
			isa = PBXGroup;
			children = (
				92E2002628B99486009FDD4E /* ContentView.swift */,
				927CB76128BAE4D800B6C07B /* ContentViewModel.swift */,
			);
			path = Home;
			sourceTree = "<group>";
		};
		92FC7BF928C547CF005BBA16 /* WebKit */ = {
			isa = PBXGroup;
			children = (
				927CB7C728BBDFC300B6C07B /* WebView.swift */,
				92FC7C0C28C7A80D005BBA16 /* LoadingView.swift */,
				92FC7C1128C7AD51005BBA16 /* LottieView.swift */,
			);
			path = WebKit;
			sourceTree = "<group>";
		};
		92FC7C0228C68203005BBA16 /* Favorites */ = {
			isa = PBXGroup;
			children = (
				9236FD2428C3B1A300ADA10E /* FavoritesView.swift */,
			);
			path = Favorites;
			sourceTree = "<group>";
		};
		92FC7C1E28C7F263005BBA16 /* View Modifiers */ = {
			isa = PBXGroup;
			children = (
				927CB76828BBDAA200B6C07B /* ScaledFont.swift */,
				92FC7C1C28C7EEE5005BBA16 /* MenuItemModifier.swift */,
			);
			path = "View Modifiers";
			sourceTree = "<group>";
		};
		92FC7C2128C91D63005BBA16 /* Settings */ = {
			isa = PBXGroup;
			children = (
				92FC7C2228C91D79005BBA16 /* NotificationsView.swift */,
				92FC7C2428C91D8A005BBA16 /* FontSizeView.swift */,
			);
			path = Settings;
			sourceTree = "<group>";
		};
		92FC7C2D28CA9B03005BBA16 /* UI */ = {
			isa = PBXGroup;
			children = (
				92FC7C2828C94002005BBA16 /* MenuAlertItem.swift */,
				92FC7C1F28C8DA01005BBA16 /* MenuItem.swift */,
				92FC7C0328C6821D005BBA16 /* CustomContextMenu.swift */,
				92FC7C3028CAA6F0005BBA16 /* LockerSlider.swift */,
			);
			path = UI;
			sourceTree = "<group>";
		};
		92FC7C3728CCB262005BBA16 /* Storage */ = {
			isa = PBXGroup;
			children = (
				92FC7C3828CCB271005BBA16 /* DataController.swift */,
			);
			path = Storage;
			sourceTree = "<group>";
		};
/* End PBXGroup section */

/* Begin PBXNativeTarget section */
		92E2002028B99486009FDD4E /* RandomWiki */ = {
			isa = PBXNativeTarget;
			buildConfigurationList = 92E2004528B99487009FDD4E /* Build configuration list for PBXNativeTarget "RandomWiki" */;
			buildPhases = (
				92E2001D28B99486009FDD4E /* Sources */,
				92E2001E28B99486009FDD4E /* Frameworks */,
				92E2001F28B99486009FDD4E /* Resources */,
			);
			buildRules = (
			);
			dependencies = (
			);
			name = RandomWiki;
			packageProductDependencies = (
				92E2005628B99AA6009FDD4E /* FirebaseAnalytics */,
				92E2005828B99AA6009FDD4E /* FirebaseAuth */,
				92E2005A28B99AA6009FDD4E /* FirebaseMessaging */,
				92FC7C0028C66A27005BBA16 /* SwiftSoup */,
				92FC7C0F28C7ABE5005BBA16 /* Lottie */,
			);
			productName = RandomWiki;
			productReference = 92E2002128B99486009FDD4E /* RandomWiki.app */;
			productType = "com.apple.product-type.application";
		};
		92E2003028B99487009FDD4E /* RandomWikiTests */ = {
			isa = PBXNativeTarget;
			buildConfigurationList = 92E2004828B99487009FDD4E /* Build configuration list for PBXNativeTarget "RandomWikiTests" */;
			buildPhases = (
				92E2002D28B99487009FDD4E /* Sources */,
				92E2002E28B99487009FDD4E /* Frameworks */,
				92E2002F28B99487009FDD4E /* Resources */,
			);
			buildRules = (
			);
			dependencies = (
				92E2003328B99487009FDD4E /* PBXTargetDependency */,
			);
			name = RandomWikiTests;
			productName = RandomWikiTests;
			productReference = 92E2003128B99487009FDD4E /* RandomWikiTests.xctest */;
			productType = "com.apple.product-type.bundle.unit-test";
		};
		92E2003A28B99487009FDD4E /* RandomWikiUITests */ = {
			isa = PBXNativeTarget;
			buildConfigurationList = 92E2004B28B99487009FDD4E /* Build configuration list for PBXNativeTarget "RandomWikiUITests" */;
			buildPhases = (
				92E2003728B99487009FDD4E /* Sources */,
				92E2003828B99487009FDD4E /* Frameworks */,
				92E2003928B99487009FDD4E /* Resources */,
			);
			buildRules = (
			);
			dependencies = (
				92E2003D28B99487009FDD4E /* PBXTargetDependency */,
			);
			name = RandomWikiUITests;
			productName = RandomWikiUITests;
			productReference = 92E2003B28B99487009FDD4E /* RandomWikiUITests.xctest */;
			productType = "com.apple.product-type.bundle.ui-testing";
		};
/* End PBXNativeTarget section */

/* Begin PBXProject section */
		92E2001928B99486009FDD4E /* Project object */ = {
			isa = PBXProject;
			attributes = {
				BuildIndependentTargetsInParallel = 1;
				LastSwiftUpdateCheck = 1340;
				LastUpgradeCheck = 1340;
				TargetAttributes = {
					92E2002028B99486009FDD4E = {
						CreatedOnToolsVersion = 13.4.1;
					};
					92E2003028B99487009FDD4E = {
						CreatedOnToolsVersion = 13.4.1;
						TestTargetID = 92E2002028B99486009FDD4E;
					};
					92E2003A28B99487009FDD4E = {
						CreatedOnToolsVersion = 13.4.1;
						TestTargetID = 92E2002028B99486009FDD4E;
					};
				};
			};
			buildConfigurationList = 92E2001C28B99486009FDD4E /* Build configuration list for PBXProject "RandomWiki" */;
			compatibilityVersion = "Xcode 13.0";
			developmentRegion = en;
			hasScannedForEncodings = 0;
			knownRegions = (
				en,
				Base,
			);
			mainGroup = 92E2001828B99486009FDD4E;
			packageReferences = (
				92E2005528B99AA6009FDD4E /* XCRemoteSwiftPackageReference "firebase-ios-sdk" */,
				92FC7BFF28C66A27005BBA16 /* XCRemoteSwiftPackageReference "SwiftSoup" */,
				92FC7C0E28C7ABE5005BBA16 /* XCRemoteSwiftPackageReference "lottie-ios" */,
			);
			productRefGroup = 92E2002228B99486009FDD4E /* Products */;
			projectDirPath = "";
			projectRoot = "";
			targets = (
				92E2002028B99486009FDD4E /* RandomWiki */,
				92E2003028B99487009FDD4E /* RandomWikiTests */,
				92E2003A28B99487009FDD4E /* RandomWikiUITests */,
			);
		};
/* End PBXProject section */

/* Begin PBXResourcesBuildPhase section */
		92E2001F28B99486009FDD4E /* Resources */ = {
			isa = PBXResourcesBuildPhase;
			buildActionMask = 2147483647;
			files = (
				927CB79128BBDBE800B6C07B /* Montserrat-BoldItalic.ttf in Resources */,
				927CB78828BBDBE800B6C07B /* Montserrat-Italic-VariableFont_wght.ttf in Resources */,
				927CB7A328BBDBE800B6C07B /* Montserrat-MediumItalic.ttf in Resources */,
				92FC7C3D28CE8711005BBA16 /* Launch Screen.storyboard in Resources */,
				927CB7A628BBDBE800B6C07B /* Montserrat-BlackItalic.ttf in Resources */,
				927CB78528BBDBE800B6C07B /* Montserrat-VariableFont_wght.ttf in Resources */,
				927CB79428BBDBE800B6C07B /* Montserrat-Light.ttf in Resources */,
				927CB7C128BBDBE800B6C07B /* OFL.txt in Resources */,
				927CB7B828BBDBE800B6C07B /* Montserrat-Italic.ttf in Resources */,
				927CB7BE28BBDBE800B6C07B /* Montserrat-ExtraBoldItalic.ttf in Resources */,
				92FC7C0928C79621005BBA16 /* Localizable.strings in Resources */,
				927CB7A028BBDBE800B6C07B /* Montserrat-Bold.ttf in Resources */,
				927CB7AF28BBDBE800B6C07B /* Montserrat-ExtraBold.ttf in Resources */,
				927CB7B528BBDBE800B6C07B /* Montserrat-Regular.ttf in Resources */,
				927CB79728BBDBE800B6C07B /* Montserrat-ThinItalic.ttf in Resources */,
				927CB78B28BBDBE800B6C07B /* Montserrat-LightItalic.ttf in Resources */,
				927CB7C428BBDBE800B6C07B /* README.txt in Resources */,
				927CB7BB28BBDBE800B6C07B /* Montserrat-SemiBoldItalic.ttf in Resources */,
				927CB79A28BBDBE800B6C07B /* Montserrat-ExtraLight.ttf in Resources */,
				927CB78E28BBDBE800B6C07B /* Montserrat-Medium.ttf in Resources */,
				927CB7B228BBDBE800B6C07B /* Montserrat-Black.ttf in Resources */,
				92950E1228D3536700D81431 /* styleSheet.css in Resources */,
				92E2002C28B99487009FDD4E /* Preview Assets.xcassets in Resources */,
				92E2002928B99487009FDD4E /* Assets.xcassets in Resources */,
				927CB79D28BBDBE800B6C07B /* Montserrat-Thin.ttf in Resources */,
				927CB7AC28BBDBE800B6C07B /* Montserrat-ExtraLightItalic.ttf in Resources */,
				927CB7A928BBDBE800B6C07B /* Montserrat-SemiBold.ttf in Resources */,
				927CB76428BBC84200B6C07B /* GoogleService-Info.plist in Resources */,
			);
			runOnlyForDeploymentPostprocessing = 0;
		};
		92E2002F28B99487009FDD4E /* Resources */ = {
			isa = PBXResourcesBuildPhase;
			buildActionMask = 2147483647;
			files = (
				927CB7B628BBDBE800B6C07B /* Montserrat-Regular.ttf in Resources */,
				927CB79E28BBDBE800B6C07B /* Montserrat-Thin.ttf in Resources */,
				927CB7B328BBDBE800B6C07B /* Montserrat-Black.ttf in Resources */,
				927CB79528BBDBE800B6C07B /* Montserrat-Light.ttf in Resources */,
				927CB7AD28BBDBE800B6C07B /* Montserrat-ExtraLightItalic.ttf in Resources */,
				927CB79228BBDBE800B6C07B /* Montserrat-BoldItalic.ttf in Resources */,
				927CB7C528BBDBE800B6C07B /* README.txt in Resources */,
				927CB7B928BBDBE800B6C07B /* Montserrat-Italic.ttf in Resources */,
				927CB79828BBDBE800B6C07B /* Montserrat-ThinItalic.ttf in Resources */,
				927CB7B028BBDBE800B6C07B /* Montserrat-ExtraBold.ttf in Resources */,
				927CB78C28BBDBE800B6C07B /* Montserrat-LightItalic.ttf in Resources */,
				927CB79B28BBDBE800B6C07B /* Montserrat-ExtraLight.ttf in Resources */,
				927CB78F28BBDBE800B6C07B /* Montserrat-Medium.ttf in Resources */,
				92AE03D428D4E0AC00C6305B /* Localizable.strings in Resources */,
				927CB7C228BBDBE800B6C07B /* OFL.txt in Resources */,
				927CB78628BBDBE800B6C07B /* Montserrat-VariableFont_wght.ttf in Resources */,
				927CB78928BBDBE800B6C07B /* Montserrat-Italic-VariableFont_wght.ttf in Resources */,
				927CB7A728BBDBE800B6C07B /* Montserrat-BlackItalic.ttf in Resources */,
				927CB7AA28BBDBE800B6C07B /* Montserrat-SemiBold.ttf in Resources */,
				927CB7A128BBDBE800B6C07B /* Montserrat-Bold.ttf in Resources */,
				927CB7A428BBDBE800B6C07B /* Montserrat-MediumItalic.ttf in Resources */,
				927CB7BF28BBDBE800B6C07B /* Montserrat-ExtraBoldItalic.ttf in Resources */,
				927CB7BC28BBDBE800B6C07B /* Montserrat-SemiBoldItalic.ttf in Resources */,
				927CB76528BBC84200B6C07B /* GoogleService-Info.plist in Resources */,
			);
			runOnlyForDeploymentPostprocessing = 0;
		};
		92E2003928B99487009FDD4E /* Resources */ = {
			isa = PBXResourcesBuildPhase;
			buildActionMask = 2147483647;
			files = (
				927CB7B728BBDBE800B6C07B /* Montserrat-Regular.ttf in Resources */,
				927CB79F28BBDBE800B6C07B /* Montserrat-Thin.ttf in Resources */,
				927CB7B428BBDBE800B6C07B /* Montserrat-Black.ttf in Resources */,
				927CB79628BBDBE800B6C07B /* Montserrat-Light.ttf in Resources */,
				927CB7AE28BBDBE800B6C07B /* Montserrat-ExtraLightItalic.ttf in Resources */,
				927CB79328BBDBE800B6C07B /* Montserrat-BoldItalic.ttf in Resources */,
				927CB7C628BBDBE800B6C07B /* README.txt in Resources */,
				927CB7BA28BBDBE800B6C07B /* Montserrat-Italic.ttf in Resources */,
				927CB79928BBDBE800B6C07B /* Montserrat-ThinItalic.ttf in Resources */,
				927CB7B128BBDBE800B6C07B /* Montserrat-ExtraBold.ttf in Resources */,
				927CB78D28BBDBE800B6C07B /* Montserrat-LightItalic.ttf in Resources */,
				927CB79C28BBDBE800B6C07B /* Montserrat-ExtraLight.ttf in Resources */,
				927CB79028BBDBE800B6C07B /* Montserrat-Medium.ttf in Resources */,
				92AE03D528D4E0AC00C6305B /* Localizable.strings in Resources */,
				927CB7C328BBDBE800B6C07B /* OFL.txt in Resources */,
				927CB78728BBDBE800B6C07B /* Montserrat-VariableFont_wght.ttf in Resources */,
				927CB78A28BBDBE800B6C07B /* Montserrat-Italic-VariableFont_wght.ttf in Resources */,
				927CB7A828BBDBE800B6C07B /* Montserrat-BlackItalic.ttf in Resources */,
				927CB7AB28BBDBE800B6C07B /* Montserrat-SemiBold.ttf in Resources */,
				927CB7A228BBDBE800B6C07B /* Montserrat-Bold.ttf in Resources */,
				927CB7A528BBDBE800B6C07B /* Montserrat-MediumItalic.ttf in Resources */,
				927CB7C028BBDBE800B6C07B /* Montserrat-ExtraBoldItalic.ttf in Resources */,
				927CB7BD28BBDBE800B6C07B /* Montserrat-SemiBoldItalic.ttf in Resources */,
				927CB76628BBC84200B6C07B /* GoogleService-Info.plist in Resources */,
			);
			runOnlyForDeploymentPostprocessing = 0;
		};
/* End PBXResourcesBuildPhase section */

/* Begin PBXSourcesBuildPhase section */
		92E2001D28B99486009FDD4E /* Sources */ = {
			isa = PBXSourcesBuildPhase;
			buildActionMask = 2147483647;
			files = (
				92FC7C3328CBFB7A005BBA16 /* NotificationOptions.swift in Sources */,
				927CB7D428BD707800B6C07B /* Article.swift in Sources */,
				92FC7C1D28C7EEE5005BBA16 /* MenuItemModifier.swift in Sources */,
				92FC7C1228C7AD51005BBA16 /* LottieView.swift in Sources */,
				92E2005D28B99E72009FDD4E /* AppDelegate.swift in Sources */,
				92FC7BF428C546A6005BBA16 /* UserDefaultsExtensions.swift in Sources */,
				927CB7C828BBDFC300B6C07B /* WebView.swift in Sources */,
				92E2002728B99486009FDD4E /* ContentView.swift in Sources */,
				927CB76228BAE4D800B6C07B /* ContentViewModel.swift in Sources */,
				92FC7BEF28C507D9005BBA16 /* DataBase.swift in Sources */,
				92FC7C0428C6821D005BBA16 /* CustomContextMenu.swift in Sources */,
				92FC7C2928C94002005BBA16 /* MenuAlertItem.swift in Sources */,
				92FC7C2528C91D8A005BBA16 /* FontSizeView.swift in Sources */,
				92FC7C3928CCB271005BBA16 /* DataController.swift in Sources */,
				9236FD2528C3B1A300ADA10E /* FavoritesView.swift in Sources */,
				927CB7D728BE617200B6C07B /* MenuContentsView.swift in Sources */,
				927CB7CC28BC112100B6C07B /* MenuView.swift in Sources */,
				92E2002528B99486009FDD4E /* RandomWikiApp.swift in Sources */,
				9236FD2928C3B65000ADA10E /* WebKitLoader.swift in Sources */,
				92FC7C2328C91D79005BBA16 /* NotificationsView.swift in Sources */,
				92FC7C3128CAA6F0005BBA16 /* LockerSlider.swift in Sources */,
				927CB76028BAE1A100B6C07B /* ClosureTypes.swift in Sources */,
				927CB7DB28BE692F00B6C07B /* MenuViewModel.swift in Sources */,
				927CB76928BBDAA200B6C07B /* ScaledFont.swift in Sources */,
				92FC7C3628CCB145005BBA16 /* DataStorage.xcdatamodeld in Sources */,
				92FC7C0828C79599005BBA16 /* StringExtensions.swift in Sources */,
				92FC7C2028C8DA01005BBA16 /* MenuItem.swift in Sources */,
				92FC7C0D28C7A80D005BBA16 /* LoadingView.swift in Sources */,
				92FC7C1828C7E4D9005BBA16 /* SettingsContentView.swift in Sources */,
				92FC7C3B28CE2482005BBA16 /* ArticleDetails.swift in Sources */,
			);
			runOnlyForDeploymentPostprocessing = 0;
		};
		92E2002D28B99487009FDD4E /* Sources */ = {
			isa = PBXSourcesBuildPhase;
			buildActionMask = 2147483647;
			files = (
				92AE03C728D4DF5400C6305B /* NotificationOptions.swift in Sources */,
				92AE03C828D4DF5400C6305B /* ArticleDetails.swift in Sources */,
				92AE03D228D4E09F00C6305B /* DataStorage.xcdatamodeld in Sources */,
				92AE03C328D3EB3600C6305B /* ContentViewTests.swift in Sources */,
			);
			runOnlyForDeploymentPostprocessing = 0;
		};
		92E2003728B99487009FDD4E /* Sources */ = {
			isa = PBXSourcesBuildPhase;
			buildActionMask = 2147483647;
			files = (
				92AE03CC28D4DF9200C6305B /* NotificationOptions.swift in Sources */,
				92AE03D728D4E0E600C6305B /* RandomWikiUITestsLaunchTests.swift in Sources */,
				92AE03D628D4E0E400C6305B /* RandomWikiUITests.swift in Sources */,
				92AE03CD28D4DF9200C6305B /* ArticleDetails.swift in Sources */,
				92AE03D328D4E09F00C6305B /* DataStorage.xcdatamodeld in Sources */,
			);
			runOnlyForDeploymentPostprocessing = 0;
		};
/* End PBXSourcesBuildPhase section */

/* Begin PBXTargetDependency section */
		92E2003328B99487009FDD4E /* PBXTargetDependency */ = {
			isa = PBXTargetDependency;
			target = 92E2002028B99486009FDD4E /* RandomWiki */;
			targetProxy = 92E2003228B99487009FDD4E /* PBXContainerItemProxy */;
		};
		92E2003D28B99487009FDD4E /* PBXTargetDependency */ = {
			isa = PBXTargetDependency;
			target = 92E2002028B99486009FDD4E /* RandomWiki */;
			targetProxy = 92E2003C28B99487009FDD4E /* PBXContainerItemProxy */;
		};
/* End PBXTargetDependency section */

/* Begin PBXVariantGroup section */
		92FC7C0B28C79621005BBA16 /* Localizable.strings */ = {
			isa = PBXVariantGroup;
			children = (
				92FC7C0A28C79621005BBA16 /* en */,
			);
			name = Localizable.strings;
			sourceTree = "<group>";
		};
/* End PBXVariantGroup section */

/* Begin XCBuildConfiguration section */
		92E2004328B99487009FDD4E /* Debug */ = {
			isa = XCBuildConfiguration;
			buildSettings = {
				ALWAYS_SEARCH_USER_PATHS = NO;
				CLANG_ANALYZER_NONNULL = YES;
				CLANG_ANALYZER_NUMBER_OBJECT_CONVERSION = YES_AGGRESSIVE;
				CLANG_CXX_LANGUAGE_STANDARD = "gnu++17";
				CLANG_ENABLE_MODULES = YES;
				CLANG_ENABLE_OBJC_ARC = YES;
				CLANG_ENABLE_OBJC_WEAK = YES;
				CLANG_WARN_BLOCK_CAPTURE_AUTORELEASING = YES;
				CLANG_WARN_BOOL_CONVERSION = YES;
				CLANG_WARN_COMMA = YES;
				CLANG_WARN_CONSTANT_CONVERSION = YES;
				CLANG_WARN_DEPRECATED_OBJC_IMPLEMENTATIONS = YES;
				CLANG_WARN_DIRECT_OBJC_ISA_USAGE = YES_ERROR;
				CLANG_WARN_DOCUMENTATION_COMMENTS = YES;
				CLANG_WARN_EMPTY_BODY = YES;
				CLANG_WARN_ENUM_CONVERSION = YES;
				CLANG_WARN_INFINITE_RECURSION = YES;
				CLANG_WARN_INT_CONVERSION = YES;
				CLANG_WARN_NON_LITERAL_NULL_CONVERSION = YES;
				CLANG_WARN_OBJC_IMPLICIT_RETAIN_SELF = YES;
				CLANG_WARN_OBJC_LITERAL_CONVERSION = YES;
				CLANG_WARN_OBJC_ROOT_CLASS = YES_ERROR;
				CLANG_WARN_QUOTED_INCLUDE_IN_FRAMEWORK_HEADER = YES;
				CLANG_WARN_RANGE_LOOP_ANALYSIS = YES;
				CLANG_WARN_STRICT_PROTOTYPES = YES;
				CLANG_WARN_SUSPICIOUS_MOVE = YES;
				CLANG_WARN_UNGUARDED_AVAILABILITY = YES_AGGRESSIVE;
				CLANG_WARN_UNREACHABLE_CODE = YES;
				CLANG_WARN__DUPLICATE_METHOD_MATCH = YES;
				COPY_PHASE_STRIP = NO;
				DEBUG_INFORMATION_FORMAT = dwarf;
				ENABLE_STRICT_OBJC_MSGSEND = YES;
				ENABLE_TESTABILITY = YES;
				GCC_C_LANGUAGE_STANDARD = gnu11;
				GCC_DYNAMIC_NO_PIC = NO;
				GCC_NO_COMMON_BLOCKS = YES;
				GCC_OPTIMIZATION_LEVEL = 0;
				GCC_PREPROCESSOR_DEFINITIONS = (
					"DEBUG=1",
					"$(inherited)",
				);
				GCC_WARN_64_TO_32_BIT_CONVERSION = YES;
				GCC_WARN_ABOUT_RETURN_TYPE = YES_ERROR;
				GCC_WARN_UNDECLARED_SELECTOR = YES;
				GCC_WARN_UNINITIALIZED_AUTOS = YES_AGGRESSIVE;
				GCC_WARN_UNUSED_FUNCTION = YES;
				GCC_WARN_UNUSED_VARIABLE = YES;
				IPHONEOS_DEPLOYMENT_TARGET = 15.5;
				MTL_ENABLE_DEBUG_INFO = INCLUDE_SOURCE;
				MTL_FAST_MATH = YES;
				ONLY_ACTIVE_ARCH = YES;
				SDKROOT = iphoneos;
				SWIFT_ACTIVE_COMPILATION_CONDITIONS = DEBUG;
				SWIFT_OPTIMIZATION_LEVEL = "-Onone";
			};
			name = Debug;
		};
		92E2004428B99487009FDD4E /* Release */ = {
			isa = XCBuildConfiguration;
			buildSettings = {
				ALWAYS_SEARCH_USER_PATHS = NO;
				CLANG_ANALYZER_NONNULL = YES;
				CLANG_ANALYZER_NUMBER_OBJECT_CONVERSION = YES_AGGRESSIVE;
				CLANG_CXX_LANGUAGE_STANDARD = "gnu++17";
				CLANG_ENABLE_MODULES = YES;
				CLANG_ENABLE_OBJC_ARC = YES;
				CLANG_ENABLE_OBJC_WEAK = YES;
				CLANG_WARN_BLOCK_CAPTURE_AUTORELEASING = YES;
				CLANG_WARN_BOOL_CONVERSION = YES;
				CLANG_WARN_COMMA = YES;
				CLANG_WARN_CONSTANT_CONVERSION = YES;
				CLANG_WARN_DEPRECATED_OBJC_IMPLEMENTATIONS = YES;
				CLANG_WARN_DIRECT_OBJC_ISA_USAGE = YES_ERROR;
				CLANG_WARN_DOCUMENTATION_COMMENTS = YES;
				CLANG_WARN_EMPTY_BODY = YES;
				CLANG_WARN_ENUM_CONVERSION = YES;
				CLANG_WARN_INFINITE_RECURSION = YES;
				CLANG_WARN_INT_CONVERSION = YES;
				CLANG_WARN_NON_LITERAL_NULL_CONVERSION = YES;
				CLANG_WARN_OBJC_IMPLICIT_RETAIN_SELF = YES;
				CLANG_WARN_OBJC_LITERAL_CONVERSION = YES;
				CLANG_WARN_OBJC_ROOT_CLASS = YES_ERROR;
				CLANG_WARN_QUOTED_INCLUDE_IN_FRAMEWORK_HEADER = YES;
				CLANG_WARN_RANGE_LOOP_ANALYSIS = YES;
				CLANG_WARN_STRICT_PROTOTYPES = YES;
				CLANG_WARN_SUSPICIOUS_MOVE = YES;
				CLANG_WARN_UNGUARDED_AVAILABILITY = YES_AGGRESSIVE;
				CLANG_WARN_UNREACHABLE_CODE = YES;
				CLANG_WARN__DUPLICATE_METHOD_MATCH = YES;
				COPY_PHASE_STRIP = NO;
				DEBUG_INFORMATION_FORMAT = "dwarf-with-dsym";
				ENABLE_NS_ASSERTIONS = NO;
				ENABLE_STRICT_OBJC_MSGSEND = YES;
				GCC_C_LANGUAGE_STANDARD = gnu11;
				GCC_NO_COMMON_BLOCKS = YES;
				GCC_WARN_64_TO_32_BIT_CONVERSION = YES;
				GCC_WARN_ABOUT_RETURN_TYPE = YES_ERROR;
				GCC_WARN_UNDECLARED_SELECTOR = YES;
				GCC_WARN_UNINITIALIZED_AUTOS = YES_AGGRESSIVE;
				GCC_WARN_UNUSED_FUNCTION = YES;
				GCC_WARN_UNUSED_VARIABLE = YES;
				IPHONEOS_DEPLOYMENT_TARGET = 15.5;
				MTL_ENABLE_DEBUG_INFO = NO;
				MTL_FAST_MATH = YES;
				SDKROOT = iphoneos;
				SWIFT_COMPILATION_MODE = wholemodule;
				SWIFT_OPTIMIZATION_LEVEL = "-O";
				VALIDATE_PRODUCT = YES;
			};
			name = Release;
		};
		92E2004628B99487009FDD4E /* Debug */ = {
			isa = XCBuildConfiguration;
			buildSettings = {
				ASSETCATALOG_COMPILER_APPICON_NAME = AppIcon;
				ASSETCATALOG_COMPILER_GLOBAL_ACCENT_COLOR_NAME = AccentColor;
				CODE_SIGN_ENTITLEMENTS = RandomWiki/RandomWiki.entitlements;
				CODE_SIGN_STYLE = Automatic;
				CURRENT_PROJECT_VERSION = 1;
				DEVELOPMENT_ASSET_PATHS = "\"RandomWiki/Preview Content\"";
				DEVELOPMENT_TEAM = LT8F54FWJ7;
				ENABLE_PREVIEWS = YES;
				GENERATE_INFOPLIST_FILE = YES;
				INFOPLIST_FILE = RandomWiki/Info.plist;
				INFOPLIST_KEY_UIApplicationSceneManifest_Generation = YES;
				INFOPLIST_KEY_UIApplicationSupportsIndirectInputEvents = YES;
				INFOPLIST_KEY_UILaunchStoryboardName = "Launch Screen";
				INFOPLIST_KEY_UISupportedInterfaceOrientations_iPad = "UIInterfaceOrientationPortrait UIInterfaceOrientationPortraitUpsideDown UIInterfaceOrientationLandscapeLeft UIInterfaceOrientationLandscapeRight";
				INFOPLIST_KEY_UISupportedInterfaceOrientations_iPhone = "UIInterfaceOrientationPortrait UIInterfaceOrientationLandscapeLeft UIInterfaceOrientationLandscapeRight";
				LD_RUNPATH_SEARCH_PATHS = (
					"$(inherited)",
					"@executable_path/Frameworks",
				);
				MARKETING_VERSION = 1.0;
				PRODUCT_BUNDLE_IDENTIFIER = com.seane.RandomWiki;
				PRODUCT_NAME = "$(TARGET_NAME)";
				SWIFT_EMIT_LOC_STRINGS = YES;
				SWIFT_VERSION = 5.0;
				TARGETED_DEVICE_FAMILY = "1,2";
			};
			name = Debug;
		};
		92E2004728B99487009FDD4E /* Release */ = {
			isa = XCBuildConfiguration;
			buildSettings = {
				ASSETCATALOG_COMPILER_APPICON_NAME = AppIcon;
				ASSETCATALOG_COMPILER_GLOBAL_ACCENT_COLOR_NAME = AccentColor;
				CODE_SIGN_ENTITLEMENTS = RandomWiki/RandomWiki.entitlements;
				CODE_SIGN_STYLE = Automatic;
				CURRENT_PROJECT_VERSION = 1;
				DEVELOPMENT_ASSET_PATHS = "\"RandomWiki/Preview Content\"";
				DEVELOPMENT_TEAM = LT8F54FWJ7;
				ENABLE_PREVIEWS = YES;
				GENERATE_INFOPLIST_FILE = YES;
				INFOPLIST_FILE = RandomWiki/Info.plist;
				INFOPLIST_KEY_UIApplicationSceneManifest_Generation = YES;
				INFOPLIST_KEY_UIApplicationSupportsIndirectInputEvents = YES;
				INFOPLIST_KEY_UILaunchStoryboardName = "Launch Screen";
				INFOPLIST_KEY_UISupportedInterfaceOrientations_iPad = "UIInterfaceOrientationPortrait UIInterfaceOrientationPortraitUpsideDown UIInterfaceOrientationLandscapeLeft UIInterfaceOrientationLandscapeRight";
				INFOPLIST_KEY_UISupportedInterfaceOrientations_iPhone = "UIInterfaceOrientationPortrait UIInterfaceOrientationLandscapeLeft UIInterfaceOrientationLandscapeRight";
				LD_RUNPATH_SEARCH_PATHS = (
					"$(inherited)",
					"@executable_path/Frameworks",
				);
				MARKETING_VERSION = 1.0;
				PRODUCT_BUNDLE_IDENTIFIER = com.seane.RandomWiki;
				PRODUCT_NAME = "$(TARGET_NAME)";
				SWIFT_EMIT_LOC_STRINGS = YES;
				SWIFT_VERSION = 5.0;
				TARGETED_DEVICE_FAMILY = "1,2";
			};
			name = Release;
		};
		92E2004928B99487009FDD4E /* Debug */ = {
			isa = XCBuildConfiguration;
			buildSettings = {
				ALWAYS_EMBED_SWIFT_STANDARD_LIBRARIES = YES;
				BUNDLE_LOADER = "$(TEST_HOST)";
				CODE_SIGN_STYLE = Automatic;
				CURRENT_PROJECT_VERSION = 1;
				DEVELOPMENT_TEAM = LT8F54FWJ7;
				GENERATE_INFOPLIST_FILE = YES;
				IPHONEOS_DEPLOYMENT_TARGET = 15.5;
				MARKETING_VERSION = 1.0;
				PRODUCT_BUNDLE_IDENTIFIER = com.seane.RandomWikiTests;
				PRODUCT_NAME = "$(TARGET_NAME)";
				SWIFT_EMIT_LOC_STRINGS = NO;
				SWIFT_VERSION = 5.0;
				TARGETED_DEVICE_FAMILY = "1,2";
				TEST_HOST = "$(BUILT_PRODUCTS_DIR)/RandomWiki.app/RandomWiki";
			};
			name = Debug;
		};
		92E2004A28B99487009FDD4E /* Release */ = {
			isa = XCBuildConfiguration;
			buildSettings = {
				ALWAYS_EMBED_SWIFT_STANDARD_LIBRARIES = YES;
				BUNDLE_LOADER = "$(TEST_HOST)";
				CODE_SIGN_STYLE = Automatic;
				CURRENT_PROJECT_VERSION = 1;
				DEVELOPMENT_TEAM = LT8F54FWJ7;
				GENERATE_INFOPLIST_FILE = YES;
				IPHONEOS_DEPLOYMENT_TARGET = 15.5;
				MARKETING_VERSION = 1.0;
				PRODUCT_BUNDLE_IDENTIFIER = com.seane.RandomWikiTests;
				PRODUCT_NAME = "$(TARGET_NAME)";
				SWIFT_EMIT_LOC_STRINGS = NO;
				SWIFT_VERSION = 5.0;
				TARGETED_DEVICE_FAMILY = "1,2";
				TEST_HOST = "$(BUILT_PRODUCTS_DIR)/RandomWiki.app/RandomWiki";
			};
			name = Release;
		};
		92E2004C28B99487009FDD4E /* Debug */ = {
			isa = XCBuildConfiguration;
			buildSettings = {
				ALWAYS_EMBED_SWIFT_STANDARD_LIBRARIES = YES;
				CODE_SIGN_STYLE = Automatic;
				CURRENT_PROJECT_VERSION = 1;
				DEVELOPMENT_TEAM = LT8F54FWJ7;
				GENERATE_INFOPLIST_FILE = YES;
				MARKETING_VERSION = 1.0;
				PRODUCT_BUNDLE_IDENTIFIER = com.seane.RandomWikiUITests;
				PRODUCT_NAME = "$(TARGET_NAME)";
				SWIFT_EMIT_LOC_STRINGS = NO;
				SWIFT_VERSION = 5.0;
				TARGETED_DEVICE_FAMILY = "1,2";
				TEST_TARGET_NAME = RandomWiki;
			};
			name = Debug;
		};
		92E2004D28B99487009FDD4E /* Release */ = {
			isa = XCBuildConfiguration;
			buildSettings = {
				ALWAYS_EMBED_SWIFT_STANDARD_LIBRARIES = YES;
				CODE_SIGN_STYLE = Automatic;
				CURRENT_PROJECT_VERSION = 1;
				DEVELOPMENT_TEAM = LT8F54FWJ7;
				GENERATE_INFOPLIST_FILE = YES;
				MARKETING_VERSION = 1.0;
				PRODUCT_BUNDLE_IDENTIFIER = com.seane.RandomWikiUITests;
				PRODUCT_NAME = "$(TARGET_NAME)";
				SWIFT_EMIT_LOC_STRINGS = NO;
				SWIFT_VERSION = 5.0;
				TARGETED_DEVICE_FAMILY = "1,2";
				TEST_TARGET_NAME = RandomWiki;
			};
			name = Release;
		};
/* End XCBuildConfiguration section */

/* Begin XCConfigurationList section */
		92E2001C28B99486009FDD4E /* Build configuration list for PBXProject "RandomWiki" */ = {
			isa = XCConfigurationList;
			buildConfigurations = (
				92E2004328B99487009FDD4E /* Debug */,
				92E2004428B99487009FDD4E /* Release */,
			);
			defaultConfigurationIsVisible = 0;
			defaultConfigurationName = Release;
		};
		92E2004528B99487009FDD4E /* Build configuration list for PBXNativeTarget "RandomWiki" */ = {
			isa = XCConfigurationList;
			buildConfigurations = (
				92E2004628B99487009FDD4E /* Debug */,
				92E2004728B99487009FDD4E /* Release */,
			);
			defaultConfigurationIsVisible = 0;
			defaultConfigurationName = Release;
		};
		92E2004828B99487009FDD4E /* Build configuration list for PBXNativeTarget "RandomWikiTests" */ = {
			isa = XCConfigurationList;
			buildConfigurations = (
				92E2004928B99487009FDD4E /* Debug */,
				92E2004A28B99487009FDD4E /* Release */,
			);
			defaultConfigurationIsVisible = 0;
			defaultConfigurationName = Release;
		};
		92E2004B28B99487009FDD4E /* Build configuration list for PBXNativeTarget "RandomWikiUITests" */ = {
			isa = XCConfigurationList;
			buildConfigurations = (
				92E2004C28B99487009FDD4E /* Debug */,
				92E2004D28B99487009FDD4E /* Release */,
			);
			defaultConfigurationIsVisible = 0;
			defaultConfigurationName = Release;
		};
/* End XCConfigurationList section */

/* Begin XCRemoteSwiftPackageReference section */
		92E2005528B99AA6009FDD4E /* XCRemoteSwiftPackageReference "firebase-ios-sdk" */ = {
			isa = XCRemoteSwiftPackageReference;
			repositoryURL = "https://github.com/firebase/firebase-ios-sdk.git";
			requirement = {
				kind = upToNextMajorVersion;
				minimumVersion = 9.0.0;
			};
		};
		92FC7BFF28C66A27005BBA16 /* XCRemoteSwiftPackageReference "SwiftSoup" */ = {
			isa = XCRemoteSwiftPackageReference;
			repositoryURL = "https://github.com/scinfu/SwiftSoup.git";
			requirement = {
				kind = upToNextMajorVersion;
				minimumVersion = 2.0.0;
			};
		};
		92FC7C0E28C7ABE5005BBA16 /* XCRemoteSwiftPackageReference "lottie-ios" */ = {
			isa = XCRemoteSwiftPackageReference;
			repositoryURL = "https://github.com/airbnb/lottie-ios.git";
			requirement = {
				kind = upToNextMajorVersion;
				minimumVersion = 3.0.0;
			};
		};
/* End XCRemoteSwiftPackageReference section */

/* Begin XCSwiftPackageProductDependency section */
		92E2005628B99AA6009FDD4E /* FirebaseAnalytics */ = {
			isa = XCSwiftPackageProductDependency;
			package = 92E2005528B99AA6009FDD4E /* XCRemoteSwiftPackageReference "firebase-ios-sdk" */;
			productName = FirebaseAnalytics;
		};
		92E2005828B99AA6009FDD4E /* FirebaseAuth */ = {
			isa = XCSwiftPackageProductDependency;
			package = 92E2005528B99AA6009FDD4E /* XCRemoteSwiftPackageReference "firebase-ios-sdk" */;
			productName = FirebaseAuth;
		};
		92E2005A28B99AA6009FDD4E /* FirebaseMessaging */ = {
			isa = XCSwiftPackageProductDependency;
			package = 92E2005528B99AA6009FDD4E /* XCRemoteSwiftPackageReference "firebase-ios-sdk" */;
			productName = FirebaseMessaging;
		};
		92FC7C0028C66A27005BBA16 /* SwiftSoup */ = {
			isa = XCSwiftPackageProductDependency;
			package = 92FC7BFF28C66A27005BBA16 /* XCRemoteSwiftPackageReference "SwiftSoup" */;
			productName = SwiftSoup;
		};
		92FC7C0F28C7ABE5005BBA16 /* Lottie */ = {
			isa = XCSwiftPackageProductDependency;
			package = 92FC7C0E28C7ABE5005BBA16 /* XCRemoteSwiftPackageReference "lottie-ios" */;
			productName = Lottie;
		};
/* End XCSwiftPackageProductDependency section */

/* Begin XCVersionGroup section */
		92FC7C3428CCB145005BBA16 /* DataStorage.xcdatamodeld */ = {
			isa = XCVersionGroup;
			children = (
				92FC7C3528CCB145005BBA16 /* DataStorage.xcdatamodel */,
			);
			currentVersion = 92FC7C3528CCB145005BBA16 /* DataStorage.xcdatamodel */;
			path = DataStorage.xcdatamodeld;
			sourceTree = "<group>";
			versionGroupType = wrapper.xcdatamodel;
		};
/* End XCVersionGroup section */
	};
	rootObject = 92E2001928B99486009FDD4E /* Project object */;
}
